
Microsoft Visual Studio Solution File, Format Version 12.00
# Visual Studio Version 17
VisualStudioVersion = 17.4.33403.182
MinimumVisualStudioVersion = 10.0.40219.1
Project("{FAE04EC0-301F-11D3-BF4B-00C04F79EFBC}") = "DashboardDemo", "DashboardDemo.csproj", "{AEABDE77-F482-416A-B8FD-6454D6FE4740}"
EndProject
Global
	GlobalSection(SolutionConfigurationPlatforms) = preSolution
		Debug|Any CPU = Debug|Any CPU
		Release|Any CPU = Release|Any CPU
	EndGlobalSection
	GlobalSection(ProjectConfigurationPlatforms) = postSolution
		{AEABDE77-F482-416A-B8FD-6454D6FE4740}.Debug|Any CPU.ActiveCfg = Debug|Any CPU
		{AEABDE77-F482-416A-B8FD-6454D6FE4740}.Debug|Any CPU.Build.0 = Debug|Any CPU
		{AEABDE77-F482-416A-B8FD-6454D6FE4740}.Release|Any CPU.ActiveCfg = Release|Any CPU
		{AEABDE77-F482-416A-B8FD-6454D6FE4740}.Release|Any CPU.Build.0 = Release|Any CPU
	EndGlobalSection
	GlobalSection(SolutionProperties) = preSolution
		HideSolutionNode = FALSE
	EndGlobalSection
	GlobalSection(ExtensibilityGlobals) = postSolution
		SolutionGuid = {257020E7-24F5-45B9-858E-B8F59D74C7D4}
	EndGlobalSection
EndGlobal
